Microsoft Visual Studio Solution File, Format Version 12.00
# Visual Studio Version 17
VisualStudioVersion = 17.5.2.0
MinimumVisualStudioVersion = 10.0.40219.1
Project("{FAE04EC0-301F-11D3-BF4B-00C04F79EFBC}") = "OnlineRegistrationSystem", "OnlineRegistrationSystem.csproj", "{14FC0FF3-AD94-0FA5-1BBF-D68A3EB9E110}"
EndProject
Global
	GlobalSection(SolutionConfigurationPlatforms) = preSolution
		Debug|Any CPU = Debug|Any CPU
		Release|Any CPU = Release|Any CPU
	EndGlobalSection
	GlobalSection(ProjectConfigurationPlatforms) = postSolution
		{14FC0FF3-AD94-0FA5-1BBF-D68A3EB9E110}.Debug|Any CPU.ActiveCfg = Debug|Any CPU
		{14FC0FF3-AD94-0FA5-1BBF-D68A3EB9E110}.Debug|Any CPU.Build.0 = Debug|Any CPU
		{14FC0FF3-AD94-0FA5-1BBF-D68A3EB9E110}.Release|Any CPU.ActiveCfg = Release|Any CPU
		{14FC0FF3-AD94-0FA5-1BBF-D68A3EB9E110}.Release|Any CPU.Build.0 = Release|Any CPU
	EndGlobalSection
	GlobalSection(SolutionProperties) = preSolution
		HideSolutionNode = FALSE
	EndGlobalSection
	GlobalSection(ExtensibilityGlobals) = postSolution
		SolutionGuid = {CE5BA556-1F0C-4284-BFD3-83DF4D2C4AC1}
	EndGlobalSection
EndGlobal
